PODS:
  - Alamofire (4.7.2)
  - AlamofireImage (3.3.1):
    - Alamofire (~> 4.5)
  - BonMot (5.2)
  - Down (0.5.2)
  - Nimble (7.0.2)
  - Pastel (0.4.0)
  - Quick (1.2.0)
  - SimulatorStatusMagic (2.1)
  - SnapKit (4.0.0)
  - SwiftGen (5.3.0)
  - SwiftLint (0.25.0)

DEPENDENCIES:
  - AlamofireImage
  - BonMot
  - Down
  - Nimble
  - Pastel
  - Quick
  - SimulatorStatusMagic
  - SnapKit
  - SwiftGen
  - SwiftLint

SPEC REPOS:
  https://github.com/CocoaPods/Specs.git:
    - Alamofire
    - AlamofireImage
    - BonMot
    - Down
    - Nimble
    - Pastel
    - Quick
    - SimulatorStatusMagic
    - SnapKit
    - SwiftGen
    - SwiftLint

SPEC CHECKSUMS:
  Alamofire: e4fa87002c137ba2d8d634d2c51fabcda0d5c223
  AlamofireImage: 3b35b586853abaf94ca1250f4e94cff3c21a4c0d
  BonMot: 68da0bd7c2f602aca85511bedabd211eb0fae666
  Down: 587371ad58002b06023d9c602519216862c3acbc
  Nimble: bfe1f814edabba69ff145cb1283e04ed636a67f2
  Pastel: 7fa5e26123b3dbe11f7ed255654bf37100b199a5
  Quick: 58d203b1c5e27fff7229c4c1ae445ad7069a7a08
  SimulatorStatusMagic: 481558caf2b9ccb2ceba2cc193728d4db3dcac07
  SnapKit: a42d492c16e80209130a3379f73596c3454b7694
  SwiftGen: 4379bd3640b0a212a0f6ea3c494adba385513d10
  SwiftLint: e14651157288e9e01d6e1a71db7014fb5744a8ea

PODFILE CHECKSUM: 3eac9de1323ac5621566a3dbfa7b6492943996fc

COCOAPODS: 1.5.0
