PODS:
  - Alamofire (4.8.2)
  - AlamofireImage (3.5.2):
    - Alamofire (~> 4.8)
  - BonMot (5.4)
  - Down (0.8.4)
  - Nimble (8.0.2)
  - Pastel (0.5.1)
  - Quick (2.1.0)
  - SimulatorStatusMagic (2.4.1)
  - SnapKit (5.0.0)
  - SwiftGen (6.1.0)
  - SwiftLint (0.33.0)

DEPENDENCIES:
  - AlamofireImage
  - BonMot
  - Down
  - Nimble
  - Pastel
  - Quick
  - SimulatorStatusMagic
  - SnapKit
  - SwiftGen
  - SwiftLint

SPEC REPOS:
  trunk:
    - Alamofire
    - AlamofireImage
    - BonMot
    - Down
    - Nimble
    - Pastel
    - Quick
    - SimulatorStatusMagic
    - SnapKit
    - SwiftGen
    - SwiftLint

SPEC CHECKSUMS:
  Alamofire: ae5c501addb7afdbb13687d7f2f722c78734c2d3
  AlamofireImage: 63cfe3baf1370be6c498149687cf6db3e3b00999
  BonMot: 505471ffd93959076c4dd8391aa8a7aba35562a2
  Down: 533c1fc9a76275c150f924441e2907c07ddd9891
  Nimble: 622629381bda1dd5678162f21f1368cec7cbba60
  Pastel: b3dd5b8d612dac06ae7c63c97c45c900829bc139
  Quick: 4be43f6634acfa727dd106bdf3929ce125ffa79d
  SimulatorStatusMagic: 28d4a9d1a500ac7cea0b2b5a43c1c6ddb40ba56c
  SnapKit: fd22d10eb9aff484d79a8724eab922c1ddf89bcf
  SwiftGen: f872ca75cbd17bf7103c17f13dcfa0d9a15667b0
  SwiftLint: fed9c66336e41fc74dc48a73678380718f0c8b0e

PODFILE CHECKSUM: 3bbedc348fe061022a7bdb4006dd37cdefb17651

COCOAPODS: 1.11.3
