PODS:
  - BonMot (5.2)
  - Down (0.5.2)
  - Nimble (7.0.2)
  - Pastel (0.4.0)
  - Quick (1.2.0)
  - SnapKit (4.0.0)
  - SwiftGen (5.3.0)
  - SwiftLint (0.25.0)

DEPENDENCIES:
  - BonMot
  - Down
  - Nimble
  - Pastel
  - Quick
  - SnapKit
  - SwiftGen
  - SwiftLint

SPEC REPOS:
  https://github.com/CocoaPods/Specs.git:
    - BonMot
    - Down
    - Nimble
    - Pastel
    - Quick
    - SnapKit
    - SwiftGen
    - SwiftLint

SPEC CHECKSUMS:
  BonMot: 68da0bd7c2f602aca85511bedabd211eb0fae666
  Down: 587371ad58002b06023d9c602519216862c3acbc
  Nimble: bfe1f814edabba69ff145cb1283e04ed636a67f2
  Pastel: 7fa5e26123b3dbe11f7ed255654bf37100b199a5
  Quick: 58d203b1c5e27fff7229c4c1ae445ad7069a7a08
  SnapKit: a42d492c16e80209130a3379f73596c3454b7694
  SwiftGen: 4379bd3640b0a212a0f6ea3c494adba385513d10
  SwiftLint: e14651157288e9e01d6e1a71db7014fb5744a8ea

PODFILE CHECKSUM: 20d73f45d8de61dc66aae39fd97e57dae8d887ac

COCOAPODS: 1.5.0
