// !$*UTF8*$!
{
	archiveVersion = 1;
	classes = {
	};
	objectVersion = 48;
	objects = {

/* Begin PBXBuildFile section */
		3DAFBC549BE61AF4515FD037 /* Pods_SwiftFest.framework in Frameworks */ = {isa = PBXBuildFile; fileRef = C0EC3B5382CAE039CBC11039 /* Pods_SwiftFest.framework */; };
		57A959FB86958C328DB7703C /* Pods_SwiftFestUITests.framework in Frameworks */ = {isa = PBXBuildFile; fileRef = A8A83AB8837D577B067E17AE /* Pods_SwiftFestUITests.framework */; };
		9321F720208FA3E100FA4B8C /* SpeakerData.json in Resources */ = {isa = PBXBuildFile; fileRef = 9321F71F208FA3E100FA4B8C /* SpeakerData.json */; };
		9321F7232090FB7600FA4B8C /* SpeakerListTableViewCell.swift in Sources */ = {isa = PBXBuildFile; fileRef = 9321F7222090FB7600FA4B8C /* SpeakerListTableViewCell.swift */; };
		9321F725209123A600FA4B8C /* SessionData.json in Resources */ = {isa = PBXBuildFile; fileRef = 9321F724209123A600FA4B8C /* SessionData.json */; };
		9321F727209123EB00FA4B8C /* SessionData.swift in Sources */ = {isa = PBXBuildFile; fileRef = 9321F726209123EB00FA4B8C /* SessionData.swift */; };
		9321F728209123EB00FA4B8C /* SessionData.swift in Sources */ = {isa = PBXBuildFile; fileRef = 9321F726209123EB00FA4B8C /* SessionData.swift */; };
		9358A83C209257F300442047 /* SpeakerSession.swift in Sources */ = {isa = PBXBuildFile; fileRef = 9358A83B209257F300442047 /* SpeakerSession.swift */; };
		93E2F5B0208E8A18004FE8E0 /* SpeakerListViewController.swift in Sources */ = {isa = PBXBuildFile; fileRef = 93E2F5AF208E8A18004FE8E0 /* SpeakerListViewController.swift */; };
		93E2F5B3208E8A39004FE8E0 /* SpeakerDetailViewController.swift in Sources */ = {isa = PBXBuildFile; fileRef = 93E2F5B2208E8A39004FE8E0 /* SpeakerDetailViewController.swift */; };
		93E2F5B6208E8AED004FE8E0 /* SpeakerData.swift in Sources */ = {isa = PBXBuildFile; fileRef = 93E2F5B5208E8AED004FE8E0 /* SpeakerData.swift */; };
		9D2E513A20797D5A002F9E42 /* DSLExtensions.swift in Sources */ = {isa = PBXBuildFile; fileRef = 9D2E513920797D5A002F9E42 /* DSLExtensions.swift */; };
		9D9B0E0A207950B500FA7340 /* AppDelegate.swift in Sources */ = {isa = PBXBuildFile; fileRef = 9D9B0E09207950B500FA7340 /* AppDelegate.swift */; };
		9D9B0E0C207950B500FA7340 /* AgendaViewController.swift in Sources */ = {isa = PBXBuildFile; fileRef = 9D9B0E0B207950B500FA7340 /* AgendaViewController.swift */; };
		9D9B0E0F207950B500FA7340 /* Main.storyboard in Resources */ = {isa = PBXBuildFile; fileRef = 9D9B0E0D207950B500FA7340 /* Main.storyboard */; };
		9D9B0E11207950B500FA7340 /* Assets.xcassets in Resources */ = {isa = PBXBuildFile; fileRef = 9D9B0E10207950B500FA7340 /* Assets.xcassets */; };
		9D9B0E14207950B500FA7340 /* LaunchScreen.storyboard in Resources */ = {isa = PBXBuildFile; fileRef = 9D9B0E12207950B500FA7340 /* LaunchScreen.storyboard */; };
		9D9B0E1F207950B500FA7340 /* AgendaTableViewManagerSpec.swift in Sources */ = {isa = PBXBuildFile; fileRef = 9D9B0E1E207950B500FA7340 /* AgendaTableViewManagerSpec.swift */; };
		9D9B0E2A207950B600FA7340 /* JourneySpec.swift in Sources */ = {isa = PBXBuildFile; fileRef = 9D9B0E29207950B600FA7340 /* JourneySpec.swift */; };
		CDA35888207D094900F8B68C /* Localizable.strings in Resources */ = {isa = PBXBuildFile; fileRef = CDA35887207D094900F8B68C /* Localizable.strings */; };
		CDA3588D207D0B2400F8B68C /* Localized.swift in Sources */ = {isa = PBXBuildFile; fileRef = CDA3588B207D0B2400F8B68C /* Localized.swift */; };
		CDA3588E207D0B2400F8B68C /* Asset.swift in Sources */ = {isa = PBXBuildFile; fileRef = CDA3588C207D0B2400F8B68C /* Asset.swift */; };
		CDA35890207D0CEF00F8B68C /* Color.swift in Sources */ = {isa = PBXBuildFile; fileRef = CDA3588F207D0CEF00F8B68C /* Color.swift */; };
		E66B20D2F58E37F4BCDB49B1 /* Pods_SwiftFestTests.framework in Frameworks */ = {isa = PBXBuildFile; fileRef = DD58B43E3EB5ED4A13052AC2 /* Pods_SwiftFestTests.framework */; };
/* End PBXBuildFile section */

/* Begin PBXContainerItemProxy section */
		9D9B0E1B207950B500FA7340 /* PBXContainerItemProxy */ = {
			isa = PBXContainerItemProxy;
			containerPortal = 9D9B0DFE207950B500FA7340 /* Project object */;
			proxyType = 1;
			remoteGlobalIDString = 9D9B0E05207950B500FA7340;
			remoteInfo = SwiftFest;
		};
		9D9B0E26207950B600FA7340 /* PBXContainerItemProxy */ = {
			isa = PBXContainerItemProxy;
			containerPortal = 9D9B0DFE207950B500FA7340 /* Project object */;
			proxyType = 1;
			remoteGlobalIDString = 9D9B0E05207950B500FA7340;
			remoteInfo = SwiftFest;
		};
/* End PBXContainerItemProxy section */

/* Begin PBXFileReference section */
		052B74156E1C703FE28462F5 /* Pods-SwiftFestUITests.debug.xcconfig */ = {isa = PBXFileReference; includeInIndex = 1; lastKnownFileType = text.xcconfig; name = "Pods-SwiftFestUITests.debug.xcconfig"; path = "Pods/Target Support Files/Pods-SwiftFestUITests/Pods-SwiftFestUITests.debug.xcconfig"; sourceTree = "<group>"; };
		550A50C6129DBA1D92566DF4 /* Pods-SwiftFestTests.debug.xcconfig */ = {isa = PBXFileReference; includeInIndex = 1; lastKnownFileType = text.xcconfig; name = "Pods-SwiftFestTests.debug.xcconfig"; path = "Pods/Target Support Files/Pods-SwiftFestTests/Pods-SwiftFestTests.debug.xcconfig"; sourceTree = "<group>"; };
		88DF351FE5605E104871BC64 /* Pods-SwiftFest.release.xcconfig */ = {isa = PBXFileReference; includeInIndex = 1; lastKnownFileType = text.xcconfig; name = "Pods-SwiftFest.release.xcconfig"; path = "Pods/Target Support Files/Pods-SwiftFest/Pods-SwiftFest.release.xcconfig"; sourceTree = "<group>"; };
		9321F71F208FA3E100FA4B8C /* SpeakerData.json */ = {isa = PBXFileReference; lastKnownFileType = text.json; path = SpeakerData.json; sourceTree = "<group>"; };
		9321F7222090FB7600FA4B8C /* SpeakerListTableViewCell.swift */ = {isa = PBXFileReference; lastKnownFileType = sourcecode.swift; path = SpeakerListTableViewCell.swift; sourceTree = "<group>"; };
		9321F724209123A600FA4B8C /* SessionData.json */ = {isa = PBXFileReference; lastKnownFileType = text.json; path = SessionData.json; sourceTree = "<group>"; };
		9321F726209123EB00FA4B8C /* SessionData.swift */ = {isa = PBXFileReference; lastKnownFileType = sourcecode.swift; path = SessionData.swift; sourceTree = "<group>"; };
		9358A83B209257F300442047 /* SpeakerSession.swift */ = {isa = PBXFileReference; lastKnownFileType = sourcecode.swift; path = SpeakerSession.swift; sourceTree = "<group>"; };
		93E2F5AF208E8A18004FE8E0 /* SpeakerListViewController.swift */ = {isa = PBXFileReference; lastKnownFileType = sourcecode.swift; path = SpeakerListViewController.swift; sourceTree = "<group>"; };
		93E2F5B2208E8A39004FE8E0 /* SpeakerDetailViewController.swift */ = {isa = PBXFileReference; lastKnownFileType = sourcecode.swift; path = SpeakerDetailViewController.swift; sourceTree = "<group>"; };
		93E2F5B5208E8AED004FE8E0 /* SpeakerData.swift */ = {isa = PBXFileReference; lastKnownFileType = sourcecode.swift; path = SpeakerData.swift; sourceTree = "<group>"; };
		9D2E513920797D5A002F9E42 /* DSLExtensions.swift */ = {isa = PBXFileReference; fileEncoding = 4; lastKnownFileType = sourcecode.swift; name = DSLExtensions.swift; path = "Testing Extensions/DSLExtensions.swift"; sourceTree = SOURCE_ROOT; };
		9D9B0E06207950B500FA7340 /* SwiftFest.app */ = {isa = PBXFileReference; explicitFileType = wrapper.application; includeInIndex = 0; path = SwiftFest.app; sourceTree = BUILT_PRODUCTS_DIR; };
		9D9B0E09207950B500FA7340 /* AppDelegate.swift */ = {isa = PBXFileReference; lastKnownFileType = sourcecode.swift; path = AppDelegate.swift; sourceTree = "<group>"; };
		9D9B0E0B207950B500FA7340 /* AgendaViewController.swift */ = {isa = PBXFileReference; lastKnownFileType = sourcecode.swift; path = AgendaViewController.swift; sourceTree = "<group>"; };
		9D9B0E0E207950B500FA7340 /* Base */ = {isa = PBXFileReference; lastKnownFileType = file.storyboard; name = Base; path = Base.lproj/Main.storyboard; sourceTree = "<group>"; };
		9D9B0E10207950B500FA7340 /* Assets.xcassets */ = {isa = PBXFileReference; lastKnownFileType = folder.assetcatalog; path = Assets.xcassets; sourceTree = "<group>"; };
		9D9B0E13207950B500FA7340 /* Base */ = {isa = PBXFileReference; lastKnownFileType = file.storyboard; name = Base; path = Base.lproj/LaunchScreen.storyboard; sourceTree = "<group>"; };
		9D9B0E15207950B500FA7340 /* Info.plist */ = {isa = PBXFileReference; lastKnownFileType = text.plist.xml; path = Info.plist; sourceTree = "<group>"; };
		9D9B0E1A207950B500FA7340 /* SwiftFestTests.xctest */ = {isa = PBXFileReference; explicitFileType = wrapper.cfbundle; includeInIndex = 0; path = SwiftFestTests.xctest; sourceTree = BUILT_PRODUCTS_DIR; };
		9D9B0E1E207950B500FA7340 /* AgendaTableViewManagerSpec.swift */ = {isa = PBXFileReference; lastKnownFileType = sourcecode.swift; path = AgendaTableViewManagerSpec.swift; sourceTree = "<group>"; };
		9D9B0E20207950B500FA7340 /* Info.plist */ = {isa = PBXFileReference; lastKnownFileType = text.plist.xml; path = Info.plist; sourceTree = "<group>"; };
		9D9B0E25207950B600FA7340 /* SwiftFestUITests.xctest */ = {isa = PBXFileReference; explicitFileType = wrapper.cfbundle; includeInIndex = 0; path = SwiftFestUITests.xctest; sourceTree = BUILT_PRODUCTS_DIR; };
		9D9B0E29207950B600FA7340 /* JourneySpec.swift */ = {isa = PBXFileReference; lastKnownFileType = sourcecode.swift; path = JourneySpec.swift; sourceTree = "<group>"; };
		9D9B0E2B207950B600FA7340 /* Info.plist */ = {isa = PBXFileReference; lastKnownFileType = text.plist.xml; path = Info.plist; sourceTree = "<group>"; };
		9D9B0E372079525F00FA7340 /* .gitignore */ = {isa = PBXFileReference; lastKnownFileType = text; path = .gitignore; sourceTree = "<group>"; };
		A8A83AB8837D577B067E17AE /* Pods_SwiftFestUITests.framework */ = {isa = PBXFileReference; explicitFileType = wrapper.framework; includeInIndex = 0; path = Pods_SwiftFestUITests.framework; sourceTree = BUILT_PRODUCTS_DIR; };
		AB038556180AAAD5FB577D1E /* Pods-SwiftFest.debug.xcconfig */ = {isa = PBXFileReference; includeInIndex = 1; lastKnownFileType = text.xcconfig; name = "Pods-SwiftFest.debug.xcconfig"; path = "Pods/Target Support Files/Pods-SwiftFest/Pods-SwiftFest.debug.xcconfig"; sourceTree = "<group>"; };
		AD1728BDBF3878D9BDE1CF0A /* Pods-SwiftFestUITests.release.xcconfig */ = {isa = PBXFileReference; includeInIndex = 1; lastKnownFileType = text.xcconfig; name = "Pods-SwiftFestUITests.release.xcconfig"; path = "Pods/Target Support Files/Pods-SwiftFestUITests/Pods-SwiftFestUITests.release.xcconfig"; sourceTree = "<group>"; };
		C0EC3B5382CAE039CBC11039 /* Pods_SwiftFest.framework */ = {isa = PBXFileReference; explicitFileType = wrapper.framework; includeInIndex = 0; path = Pods_SwiftFest.framework; sourceTree = BUILT_PRODUCTS_DIR; };
		CDA35887207D094900F8B68C /* Localizable.strings */ = {isa = PBXFileReference; lastKnownFileType = text.plist.strings; path = Localizable.strings; sourceTree = "<group>"; };
		CDA3588B207D0B2400F8B68C /* Localized.swift */ = {isa = PBXFileReference; fileEncoding = 4; lastKnownFileType = sourcecode.swift; path = Localized.swift; sourceTree = "<group>"; };
		CDA3588C207D0B2400F8B68C /* Asset.swift */ = {isa = PBXFileReference; fileEncoding = 4; lastKnownFileType = sourcecode.swift; path = Asset.swift; sourceTree = "<group>"; };
		CDA3588F207D0CEF00F8B68C /* Color.swift */ = {isa = PBXFileReference; lastKnownFileType = sourcecode.swift; path = Color.swift; sourceTree = "<group>"; };
		DD58B43E3EB5ED4A13052AC2 /* Pods_SwiftFestTests.framework */ = {isa = PBXFileReference; explicitFileType = wrapper.framework; includeInIndex = 0; path = Pods_SwiftFestTests.framework; sourceTree = BUILT_PRODUCTS_DIR; };
		E8C6F2441DCD3A2E536AACA6 /* Pods-SwiftFestTests.release.xcconfig */ = {isa = PBXFileReference; includeInIndex = 1; lastKnownFileType = text.xcconfig; name = "Pods-SwiftFestTests.release.xcconfig"; path = "Pods/Target Support Files/Pods-SwiftFestTests/Pods-SwiftFestTests.release.xcconfig"; sourceTree = "<group>"; };
/* End PBXFileReference section */

/* Begin PBXFrameworksBuildPhase section */
		9D9B0E03207950B500FA7340 /* Frameworks */ = {
			isa = PBXFrameworksBuildPhase;
			buildActionMask = 2147483647;
			files = (
				3DAFBC549BE61AF4515FD037 /* Pods_SwiftFest.framework in Frameworks */,
			);
			runOnlyForDeploymentPostprocessing = 0;
		};
		9D9B0E17207950B500FA7340 /* Frameworks */ = {
			isa = PBXFrameworksBuildPhase;
			buildActionMask = 2147483647;
			files = (
				E66B20D2F58E37F4BCDB49B1 /* Pods_SwiftFestTests.framework in Frameworks */,
			);
			runOnlyForDeploymentPostprocessing = 0;
		};
		9D9B0E22207950B600FA7340 /* Frameworks */ = {
			isa = PBXFrameworksBuildPhase;
			buildActionMask = 2147483647;
			files = (
				57A959FB86958C328DB7703C /* Pods_SwiftFestUITests.framework in Frameworks */,
			);
			runOnlyForDeploymentPostprocessing = 0;
		};
/* End PBXFrameworksBuildPhase section */

/* Begin PBXGroup section */
		454F9B350ABDCC8FF7897629 /* Frameworks */ = {
			isa = PBXGroup;
			children = (
				C0EC3B5382CAE039CBC11039 /* Pods_SwiftFest.framework */,
				DD58B43E3EB5ED4A13052AC2 /* Pods_SwiftFestTests.framework */,
				A8A83AB8837D577B067E17AE /* Pods_SwiftFestUITests.framework */,
			);
			name = Frameworks;
			sourceTree = "<group>";
		};
		694CB757A9C1C58F0DCD84C5 /* Pods */ = {
			isa = PBXGroup;
			children = (
				AB038556180AAAD5FB577D1E /* Pods-SwiftFest.debug.xcconfig */,
				88DF351FE5605E104871BC64 /* Pods-SwiftFest.release.xcconfig */,
				550A50C6129DBA1D92566DF4 /* Pods-SwiftFestTests.debug.xcconfig */,
				E8C6F2441DCD3A2E536AACA6 /* Pods-SwiftFestTests.release.xcconfig */,
				052B74156E1C703FE28462F5 /* Pods-SwiftFestUITests.debug.xcconfig */,
				AD1728BDBF3878D9BDE1CF0A /* Pods-SwiftFestUITests.release.xcconfig */,
			);
			name = Pods;
			sourceTree = "<group>";
		};
		9321F721208FA3FF00FA4B8C /* StaticData */ = {
			isa = PBXGroup;
			children = (
				9321F71F208FA3E100FA4B8C /* SpeakerData.json */,
				9321F724209123A600FA4B8C /* SessionData.json */,
			);
			path = StaticData;
			sourceTree = "<group>";
		};
		9D9B0DFD207950B500FA7340 = {
			isa = PBXGroup;
			children = (
				9D9B0E372079525F00FA7340 /* .gitignore */,
				9D9B0E08207950B500FA7340 /* SwiftFest */,
				9D9B0E1D207950B500FA7340 /* SwiftFestTests */,
				9D9B0E28207950B600FA7340 /* SwiftFestUITests */,
				9D9B0E07207950B500FA7340 /* Products */,
				694CB757A9C1C58F0DCD84C5 /* Pods */,
				454F9B350ABDCC8FF7897629 /* Frameworks */,
			);
			sourceTree = "<group>";
		};
		9D9B0E07207950B500FA7340 /* Products */ = {
			isa = PBXGroup;
			children = (
				9D9B0E06207950B500FA7340 /* SwiftFest.app */,
				9D9B0E1A207950B500FA7340 /* SwiftFestTests.xctest */,
				9D9B0E25207950B600FA7340 /* SwiftFestUITests.xctest */,
			);
			name = Products;
			sourceTree = "<group>";
		};
		9D9B0E08207950B500FA7340 /* SwiftFest */ = {
			isa = PBXGroup;
			children = (
				9D9B0E09207950B500FA7340 /* AppDelegate.swift */,
				9D9B0E0B207950B500FA7340 /* AgendaViewController.swift */,
				93E2F5AF208E8A18004FE8E0 /* SpeakerListViewController.swift */,
				93E2F5B2208E8A39004FE8E0 /* SpeakerDetailViewController.swift */,
				93E2F5B5208E8AED004FE8E0 /* SpeakerData.swift */,
				9358A83B209257F300442047 /* SpeakerSession.swift */,
				9321F726209123EB00FA4B8C /* SessionData.swift */,
				9321F7222090FB7600FA4B8C /* SpeakerListTableViewCell.swift */,
				CDA35886207D08BC00F8B68C /* Resources */,
			);
			path = SwiftFest;
			sourceTree = "<group>";
		};
		9D9B0E1D207950B500FA7340 /* SwiftFestTests */ = {
			isa = PBXGroup;
			children = (
				9D9B0E1E207950B500FA7340 /* AgendaTableViewManagerSpec.swift */,
				9D9B0E20207950B500FA7340 /* Info.plist */,
			);
			path = SwiftFestTests;
			sourceTree = "<group>";
		};
		9D9B0E28207950B600FA7340 /* SwiftFestUITests */ = {
			isa = PBXGroup;
			children = (
				9D2E513920797D5A002F9E42 /* DSLExtensions.swift */,
				9D9B0E29207950B600FA7340 /* JourneySpec.swift */,
				9D9B0E2B207950B600FA7340 /* Info.plist */,
			);
			path = SwiftFestUITests;
			sourceTree = "<group>";
		};
		CDA35886207D08BC00F8B68C /* Resources */ = {
			isa = PBXGroup;
			children = (
				9321F721208FA3FF00FA4B8C /* StaticData */,
				CDA3588A207D0A0D00F8B68C /* Generated */,
				9D9B0E10207950B500FA7340 /* Assets.xcassets */,
				9D9B0E15207950B500FA7340 /* Info.plist */,
				9D9B0E12207950B500FA7340 /* LaunchScreen.storyboard */,
				9D9B0E0D207950B500FA7340 /* Main.storyboard */,
				CDA35887207D094900F8B68C /* Localizable.strings */,
				CDA3588F207D0CEF00F8B68C /* Color.swift */,
			);
			path = Resources;
			sourceTree = "<group>";
		};
		CDA3588A207D0A0D00F8B68C /* Generated */ = {
			isa = PBXGroup;
			children = (
				CDA3588C207D0B2400F8B68C /* Asset.swift */,
				CDA3588B207D0B2400F8B68C /* Localized.swift */,
			);
			path = Generated;
			sourceTree = "<group>";
		};
/* End PBXGroup section */

/* Begin PBXNativeTarget section */
		9D9B0E05207950B500FA7340 /* SwiftFest */ = {
			isa = PBXNativeTarget;
			buildConfigurationList = 9D9B0E2E207950B600FA7340 /* Build configuration list for PBXNativeTarget "SwiftFest" */;
			buildPhases = (
				B1443108E55E59D8E8AE3ABD /* [CP] Check Pods Manifest.lock */,
				CDA35889207D09E500F8B68C /* SwiftGen */,
				CD1C37AD207AF91B0084FAA9 /* SwiftLint */,
				9D9B0E02207950B500FA7340 /* Sources */,
				9D9B0E03207950B500FA7340 /* Frameworks */,
				9D9B0E04207950B500FA7340 /* Resources */,
			);
			buildRules = (
			);
			dependencies = (
			);
			name = SwiftFest;
			productName = SwiftFest;
			productReference = 9D9B0E06207950B500FA7340 /* SwiftFest.app */;
			productType = "com.apple.product-type.application";
		};
		9D9B0E19207950B500FA7340 /* SwiftFestTests */ = {
			isa = PBXNativeTarget;
			buildConfigurationList = 9D9B0E31207950B600FA7340 /* Build configuration list for PBXNativeTarget "SwiftFestTests" */;
			buildPhases = (
				AA8710C241105D24C67CCC61 /* [CP] Check Pods Manifest.lock */,
				9D9B0E16207950B500FA7340 /* Sources */,
				9D9B0E17207950B500FA7340 /* Frameworks */,
				9D9B0E18207950B500FA7340 /* Resources */,
				DF7F1C7785DF08563E813AF3 /* [CP] Embed Pods Frameworks */,
			);
			buildRules = (
			);
			dependencies = (
				9D9B0E1C207950B500FA7340 /* PBXTargetDependency */,
			);
			name = SwiftFestTests;
			productName = SwiftFestTests;
			productReference = 9D9B0E1A207950B500FA7340 /* SwiftFestTests.xctest */;
			productType = "com.apple.product-type.bundle.unit-test";
		};
		9D9B0E24207950B600FA7340 /* SwiftFestUITests */ = {
			isa = PBXNativeTarget;
			buildConfigurationList = 9D9B0E34207950B600FA7340 /* Build configuration list for PBXNativeTarget "SwiftFestUITests" */;
			buildPhases = (
				875E0A1E9C452772FDB93890 /* [CP] Check Pods Manifest.lock */,
				9D9B0E21207950B600FA7340 /* Sources */,
				9D9B0E22207950B600FA7340 /* Frameworks */,
				9D9B0E23207950B600FA7340 /* Resources */,
				A57229F08BE9503695AF8607 /* [CP] Embed Pods Frameworks */,
			);
			buildRules = (
			);
			dependencies = (
				9D9B0E27207950B600FA7340 /* PBXTargetDependency */,
			);
			name = SwiftFestUITests;
			productName = SwiftFestUITests;
			productReference = 9D9B0E25207950B600FA7340 /* SwiftFestUITests.xctest */;
			productType = "com.apple.product-type.bundle.ui-testing";
		};
/* End PBXNativeTarget section */

/* Begin PBXProject section */
		9D9B0DFE207950B500FA7340 /* Project object */ = {
			isa = PBXProject;
			attributes = {
				LastSwiftUpdateCheck = 0920;
				LastUpgradeCheck = 0920;
				ORGANIZATIONNAME = "Sean Olszewski";
				TargetAttributes = {
					9D9B0E05207950B500FA7340 = {
						CreatedOnToolsVersion = 9.2;
						ProvisioningStyle = Automatic;
					};
					9D9B0E19207950B500FA7340 = {
						CreatedOnToolsVersion = 9.2;
						ProvisioningStyle = Automatic;
						TestTargetID = 9D9B0E05207950B500FA7340;
					};
					9D9B0E24207950B600FA7340 = {
						CreatedOnToolsVersion = 9.2;
						ProvisioningStyle = Automatic;
						TestTargetID = 9D9B0E05207950B500FA7340;
					};
				};
			};
			buildConfigurationList = 9D9B0E01207950B500FA7340 /* Build configuration list for PBXProject "SwiftFest" */;
			compatibilityVersion = "Xcode 8.0";
			developmentRegion = en;
			hasScannedForEncodings = 0;
			knownRegions = (
				en,
				Base,
			);
			mainGroup = 9D9B0DFD207950B500FA7340;
			productRefGroup = 9D9B0E07207950B500FA7340 /* Products */;
			projectDirPath = "";
			projectRoot = "";
			targets = (
				9D9B0E05207950B500FA7340 /* SwiftFest */,
				9D9B0E19207950B500FA7340 /* SwiftFestTests */,
				9D9B0E24207950B600FA7340 /* SwiftFestUITests */,
			);
		};
/* End PBXProject section */

/* Begin PBXResourcesBuildPhase section */
		9D9B0E04207950B500FA7340 /* Resources */ = {
			isa = PBXResourcesBuildPhase;
			buildActionMask = 2147483647;
			files = (
				9D9B0E14207950B500FA7340 /* LaunchScreen.storyboard in Resources */,
				9321F725209123A600FA4B8C /* SessionData.json in Resources */,
				CDA35888207D094900F8B68C /* Localizable.strings in Resources */,
				9D9B0E11207950B500FA7340 /* Assets.xcassets in Resources */,
				9D9B0E0F207950B500FA7340 /* Main.storyboard in Resources */,
				9321F720208FA3E100FA4B8C /* SpeakerData.json in Resources */,
			);
			runOnlyForDeploymentPostprocessing = 0;
		};
		9D9B0E18207950B500FA7340 /* Resources */ = {
			isa = PBXResourcesBuildPhase;
			buildActionMask = 2147483647;
			files = (
			);
			runOnlyForDeploymentPostprocessing = 0;
		};
		9D9B0E23207950B600FA7340 /* Resources */ = {
			isa = PBXResourcesBuildPhase;
			buildActionMask = 2147483647;
			files = (
			);
			runOnlyForDeploymentPostprocessing = 0;
		};
/* End PBXResourcesBuildPhase section */

/* Begin PBXShellScriptBuildPhase section */
		875E0A1E9C452772FDB93890 /* [CP] Check Pods Manifest.lock */ = {
			isa = PBXShellScriptBuildPhase;
			buildActionMask = 2147483647;
			files = (
			);
			inputPaths = (
				"${PODS_PODFILE_DIR_PATH}/Podfile.lock",
				"${PODS_ROOT}/Manifest.lock",
			);
			name = "[CP] Check Pods Manifest.lock";
			outputPaths = (
				"$(DERIVED_FILE_DIR)/Pods-SwiftFestUITests-checkManifestLockResult.txt",
			);
			runOnlyForDeploymentPostprocessing = 0;
			shellPath = /bin/sh;
			shellScript = "diff \"${PODS_PODFILE_DIR_PATH}/Podfile.lock\" \"${PODS_ROOT}/Manifest.lock\" > /dev/null\nif [ $? != 0 ] ; then\n    # print error to STDERR\n    echo \"error: The sandbox is not in sync with the Podfile.lock. Run 'pod install' or update your CocoaPods installation.\" >&2\n    exit 1\nfi\n# This output is used by Xcode 'outputs' to avoid re-running this script phase.\necho \"SUCCESS\" > \"${SCRIPT_OUTPUT_FILE_0}\"\n";
			showEnvVarsInLog = 0;
		};
		A57229F08BE9503695AF8607 /* [CP] Embed Pods Frameworks */ = {
			isa = PBXShellScriptBuildPhase;
			buildActionMask = 2147483647;
			files = (
			);
			inputPaths = (
				"${SRCROOT}/Pods/Target Support Files/Pods-SwiftFestUITests/Pods-SwiftFestUITests-frameworks.sh",
				"${BUILT_PRODUCTS_DIR}/Nimble/Nimble.framework",
				"${BUILT_PRODUCTS_DIR}/Quick/Quick.framework",
			);
			name = "[CP] Embed Pods Frameworks";
			outputPaths = (
				"${TARGET_BUILD_DIR}/${FRAMEWORKS_FOLDER_PATH}/Nimble.framework",
				"${TARGET_BUILD_DIR}/${FRAMEWORKS_FOLDER_PATH}/Quick.framework",
			);
			runOnlyForDeploymentPostprocessing = 0;
			shellPath = /bin/sh;
			shellScript = "\"${SRCROOT}/Pods/Target Support Files/Pods-SwiftFestUITests/Pods-SwiftFestUITests-frameworks.sh\"\n";
			showEnvVarsInLog = 0;
		};
		AA8710C241105D24C67CCC61 /* [CP] Check Pods Manifest.lock */ = {
			isa = PBXShellScriptBuildPhase;
			buildActionMask = 2147483647;
			files = (
			);
			inputPaths = (
				"${PODS_PODFILE_DIR_PATH}/Podfile.lock",
				"${PODS_ROOT}/Manifest.lock",
			);
			name = "[CP] Check Pods Manifest.lock";
			outputPaths = (
				"$(DERIVED_FILE_DIR)/Pods-SwiftFestTests-checkManifestLockResult.txt",
			);
			runOnlyForDeploymentPostprocessing = 0;
			shellPath = /bin/sh;
			shellScript = "diff \"${PODS_PODFILE_DIR_PATH}/Podfile.lock\" \"${PODS_ROOT}/Manifest.lock\" > /dev/null\nif [ $? != 0 ] ; then\n    # print error to STDERR\n    echo \"error: The sandbox is not in sync with the Podfile.lock. Run 'pod install' or update your CocoaPods installation.\" >&2\n    exit 1\nfi\n# This output is used by Xcode 'outputs' to avoid re-running this script phase.\necho \"SUCCESS\" > \"${SCRIPT_OUTPUT_FILE_0}\"\n";
			showEnvVarsInLog = 0;
		};
		B1443108E55E59D8E8AE3ABD /* [CP] Check Pods Manifest.lock */ = {
			isa = PBXShellScriptBuildPhase;
			buildActionMask = 2147483647;
			files = (
			);
			inputPaths = (
				"${PODS_PODFILE_DIR_PATH}/Podfile.lock",
				"${PODS_ROOT}/Manifest.lock",
			);
			name = "[CP] Check Pods Manifest.lock";
			outputPaths = (
				"$(DERIVED_FILE_DIR)/Pods-SwiftFest-checkManifestLockResult.txt",
			);
			runOnlyForDeploymentPostprocessing = 0;
			shellPath = /bin/sh;
			shellScript = "diff \"${PODS_PODFILE_DIR_PATH}/Podfile.lock\" \"${PODS_ROOT}/Manifest.lock\" > /dev/null\nif [ $? != 0 ] ; then\n    # print error to STDERR\n    echo \"error: The sandbox is not in sync with the Podfile.lock. Run 'pod install' or update your CocoaPods installation.\" >&2\n    exit 1\nfi\n# This output is used by Xcode 'outputs' to avoid re-running this script phase.\necho \"SUCCESS\" > \"${SCRIPT_OUTPUT_FILE_0}\"\n";
			showEnvVarsInLog = 0;
		};
		CD1C37AD207AF91B0084FAA9 /* SwiftLint */ = {
			isa = PBXShellScriptBuildPhase;
			buildActionMask = 2147483647;
			files = (
			);
			inputPaths = (
			);
			name = SwiftLint;
			outputPaths = (
			);
			runOnlyForDeploymentPostprocessing = 0;
			shellPath = /bin/sh;
			shellScript = "${PODS_ROOT}/SwiftLint/swiftlint\n";
		};
		CDA35889207D09E500F8B68C /* SwiftGen */ = {
			isa = PBXShellScriptBuildPhase;
			buildActionMask = 2147483647;
			files = (
			);
			inputPaths = (
			);
			name = SwiftGen;
			outputPaths = (
			);
			runOnlyForDeploymentPostprocessing = 0;
			shellPath = /bin/sh;
			shellScript = "$PODS_ROOT/SwiftGen/bin/swiftgen xcassets --template swift4 --output SwiftFest/Resources/Generated/Asset.swift SwiftFest/Resources/Assets.xcassets\n$PODS_ROOT/SwiftGen/bin/swiftgen strings --template structured-swift4 --output SwiftFest/Resources/Generated/Localized.swift SwiftFest/Resources/Localizable.strings\n";
		};
		DF7F1C7785DF08563E813AF3 /* [CP] Embed Pods Frameworks */ = {
			isa = PBXShellScriptBuildPhase;
			buildActionMask = 2147483647;
			files = (
			);
			inputPaths = (
				"${SRCROOT}/Pods/Target Support Files/Pods-SwiftFestTests/Pods-SwiftFestTests-frameworks.sh",
				"${BUILT_PRODUCTS_DIR}/Nimble/Nimble.framework",
				"${BUILT_PRODUCTS_DIR}/Quick/Quick.framework",
			);
			name = "[CP] Embed Pods Frameworks";
			outputPaths = (
				"${TARGET_BUILD_DIR}/${FRAMEWORKS_FOLDER_PATH}/Nimble.framework",
				"${TARGET_BUILD_DIR}/${FRAMEWORKS_FOLDER_PATH}/Quick.framework",
			);
			runOnlyForDeploymentPostprocessing = 0;
			shellPath = /bin/sh;
			shellScript = "\"${SRCROOT}/Pods/Target Support Files/Pods-SwiftFestTests/Pods-SwiftFestTests-frameworks.sh\"\n";
			showEnvVarsInLog = 0;
		};
/* End PBXShellScriptBuildPhase section */

/* Begin PBXSourcesBuildPhase section */
		9D9B0E02207950B500FA7340 /* Sources */ = {
			isa = PBXSourcesBuildPhase;
			buildActionMask = 2147483647;
			files = (
				93E2F5B0208E8A18004FE8E0 /* SpeakerListViewController.swift in Sources */,
				93E2F5B6208E8AED004FE8E0 /* SpeakerData.swift in Sources */,
				9D9B0E0C207950B500FA7340 /* AgendaViewController.swift in Sources */,
				9321F727209123EB00FA4B8C /* SessionData.swift in Sources */,
				CDA3588D207D0B2400F8B68C /* Localized.swift in Sources */,
				9358A83C209257F300442047 /* SpeakerSession.swift in Sources */,
				CDA3588E207D0B2400F8B68C /* Asset.swift in Sources */,
				9321F7232090FB7600FA4B8C /* SpeakerListTableViewCell.swift in Sources */,
				CDA35890207D0CEF00F8B68C /* Color.swift in Sources */,
				9D9B0E0A207950B500FA7340 /* AppDelegate.swift in Sources */,
				93E2F5B3208E8A39004FE8E0 /* SpeakerDetailViewController.swift in Sources */,
			);
			runOnlyForDeploymentPostprocessing = 0;
		};
		9D9B0E16207950B500FA7340 /* Sources */ = {
			isa = PBXSourcesBuildPhase;
			buildActionMask = 2147483647;
			files = (
				9D9B0E1F207950B500FA7340 /* AgendaTableViewManagerSpec.swift in Sources */,
				9321F728209123EB00FA4B8C /* SessionData.swift in Sources */,
			);
			runOnlyForDeploymentPostprocessing = 0;
		};
		9D9B0E21207950B600FA7340 /* Sources */ = {
			isa = PBXSourcesBuildPhase;
			buildActionMask = 2147483647;
			files = (
				9D9B0E2A207950B600FA7340 /* JourneySpec.swift in Sources */,
				9D2E513A20797D5A002F9E42 /* DSLExtensions.swift in Sources */,
			);
			runOnlyForDeploymentPostprocessing = 0;
		};
/* End PBXSourcesBuildPhase section */

/* Begin PBXTargetDependency section */
		9D9B0E1C207950B500FA7340 /* PBXTargetDependency */ = {
			isa = PBXTargetDependency;
			target = 9D9B0E05207950B500FA7340 /* SwiftFest */;
			targetProxy = 9D9B0E1B207950B500FA7340 /* PBXContainerItemProxy */;
		};
		9D9B0E27207950B600FA7340 /* PBXTargetDependency */ = {
			isa = PBXTargetDependency;
			target = 9D9B0E05207950B500FA7340 /* SwiftFest */;
			targetProxy = 9D9B0E26207950B600FA7340 /* PBXContainerItemProxy */;
		};
/* End PBXTargetDependency section */

/* Begin PBXVariantGroup section */
		9D9B0E0D207950B500FA7340 /* Main.storyboard */ = {
			isa = PBXVariantGroup;
			children = (
				9D9B0E0E207950B500FA7340 /* Base */,
			);
			name = Main.storyboard;
			sourceTree = "<group>";
		};
		9D9B0E12207950B500FA7340 /* LaunchScreen.storyboard */ = {
			isa = PBXVariantGroup;
			children = (
				9D9B0E13207950B500FA7340 /* Base */,
			);
			name = LaunchScreen.storyboard;
			sourceTree = "<group>";
		};
/* End PBXVariantGroup section */

/* Begin XCBuildConfiguration section */
		9D9B0E2C207950B600FA7340 /* Debug */ = {
			isa = XCBuildConfiguration;
			buildSettings = {
				ALWAYS_SEARCH_USER_PATHS = NO;
				CLANG_ANALYZER_NONNULL = YES;
				CLANG_ANALYZER_NUMBER_OBJECT_CONVERSION = YES_AGGRESSIVE;
				CLANG_CXX_LANGUAGE_STANDARD = "gnu++14";
				CLANG_CXX_LIBRARY = "libc++";
				CLANG_ENABLE_MODULES = YES;
				CLANG_ENABLE_OBJC_ARC = YES;
				CLANG_WARN_BLOCK_CAPTURE_AUTORELEASING = YES;
				CLANG_WARN_BOOL_CONVERSION = YES;
				CLANG_WARN_COMMA = YES;
				CLANG_WARN_CONSTANT_CONVERSION = YES;
				CLANG_WARN_DIRECT_OBJC_ISA_USAGE = YES_ERROR;
				CLANG_WARN_DOCUMENTATION_COMMENTS = YES;
				CLANG_WARN_EMPTY_BODY = YES;
				CLANG_WARN_ENUM_CONVERSION = YES;
				CLANG_WARN_INFINITE_RECURSION = YES;
				CLANG_WARN_INT_CONVERSION = YES;
				CLANG_WARN_NON_LITERAL_NULL_CONVERSION = YES;
				CLANG_WARN_OBJC_LITERAL_CONVERSION = YES;
				CLANG_WARN_OBJC_ROOT_CLASS = YES_ERROR;
				CLANG_WARN_RANGE_LOOP_ANALYSIS = YES;
				CLANG_WARN_STRICT_PROTOTYPES = YES;
				CLANG_WARN_SUSPICIOUS_MOVE = YES;
				CLANG_WARN_UNGUARDED_AVAILABILITY = YES_AGGRESSIVE;
				CLANG_WARN_UNREACHABLE_CODE = YES;
				CLANG_WARN__DUPLICATE_METHOD_MATCH = YES;
				CODE_SIGN_IDENTITY = "iPhone Developer";
				COPY_PHASE_STRIP = NO;
				DEBUG_INFORMATION_FORMAT = dwarf;
				ENABLE_STRICT_OBJC_MSGSEND = YES;
				ENABLE_TESTABILITY = YES;
				GCC_C_LANGUAGE_STANDARD = gnu11;
				GCC_DYNAMIC_NO_PIC = NO;
				GCC_NO_COMMON_BLOCKS = YES;
				GCC_OPTIMIZATION_LEVEL = 0;
				GCC_PREPROCESSOR_DEFINITIONS = (
					"DEBUG=1",
					"$(inherited)",
				);
				GCC_WARN_64_TO_32_BIT_CONVERSION = YES;
				GCC_WARN_ABOUT_RETURN_TYPE = YES_ERROR;
				GCC_WARN_UNDECLARED_SELECTOR = YES;
				GCC_WARN_UNINITIALIZED_AUTOS = YES_AGGRESSIVE;
				GCC_WARN_UNUSED_FUNCTION = YES;
				GCC_WARN_UNUSED_VARIABLE = YES;
				IPHONEOS_DEPLOYMENT_TARGET = 11.2;
				MTL_ENABLE_DEBUG_INFO = YES;
				ONLY_ACTIVE_ARCH = YES;
				SDKROOT = iphoneos;
				SWIFT_ACTIVE_COMPILATION_CONDITIONS = DEBUG;
				SWIFT_OPTIMIZATION_LEVEL = "-Onone";
			};
			name = Debug;
		};
		9D9B0E2D207950B600FA7340 /* Release */ = {
			isa = XCBuildConfiguration;
			buildSettings = {
				ALWAYS_SEARCH_USER_PATHS = NO;
				CLANG_ANALYZER_NONNULL = YES;
				CLANG_ANALYZER_NUMBER_OBJECT_CONVERSION = YES_AGGRESSIVE;
				CLANG_CXX_LANGUAGE_STANDARD = "gnu++14";
				CLANG_CXX_LIBRARY = "libc++";
				CLANG_ENABLE_MODULES = YES;
				CLANG_ENABLE_OBJC_ARC = YES;
				CLANG_WARN_BLOCK_CAPTURE_AUTORELEASING = YES;
				CLANG_WARN_BOOL_CONVERSION = YES;
				CLANG_WARN_COMMA = YES;
				CLANG_WARN_CONSTANT_CONVERSION = YES;
				CLANG_WARN_DIRECT_OBJC_ISA_USAGE = YES_ERROR;
				CLANG_WARN_DOCUMENTATION_COMMENTS = YES;
				CLANG_WARN_EMPTY_BODY = YES;
				CLANG_WARN_ENUM_CONVERSION = YES;
				CLANG_WARN_INFINITE_RECURSION = YES;
				CLANG_WARN_INT_CONVERSION = YES;
				CLANG_WARN_NON_LITERAL_NULL_CONVERSION = YES;
				CLANG_WARN_OBJC_LITERAL_CONVERSION = YES;
				CLANG_WARN_OBJC_ROOT_CLASS = YES_ERROR;
				CLANG_WARN_RANGE_LOOP_ANALYSIS = YES;
				CLANG_WARN_STRICT_PROTOTYPES = YES;
				CLANG_WARN_SUSPICIOUS_MOVE = YES;
				CLANG_WARN_UNGUARDED_AVAILABILITY = YES_AGGRESSIVE;
				CLANG_WARN_UNREACHABLE_CODE = YES;
				CLANG_WARN__DUPLICATE_METHOD_MATCH = YES;
				CODE_SIGN_IDENTITY = "iPhone Developer";
				COPY_PHASE_STRIP = NO;
				DEBUG_INFORMATION_FORMAT = "dwarf-with-dsym";
				ENABLE_NS_ASSERTIONS = NO;
				ENABLE_STRICT_OBJC_MSGSEND = YES;
				GCC_C_LANGUAGE_STANDARD = gnu11;
				GCC_NO_COMMON_BLOCKS = YES;
				GCC_WARN_64_TO_32_BIT_CONVERSION = YES;
				GCC_WARN_ABOUT_RETURN_TYPE = YES_ERROR;
				GCC_WARN_UNDECLARED_SELECTOR = YES;
				GCC_WARN_UNINITIALIZED_AUTOS = YES_AGGRESSIVE;
				GCC_WARN_UNUSED_FUNCTION = YES;
				GCC_WARN_UNUSED_VARIABLE = YES;
				IPHONEOS_DEPLOYMENT_TARGET = 11.2;
				MTL_ENABLE_DEBUG_INFO = NO;
				SDKROOT = iphoneos;
				SWIFT_OPTIMIZATION_LEVEL = "-Owholemodule";
				VALIDATE_PRODUCT = YES;
			};
			name = Release;
		};
		9D9B0E2F207950B600FA7340 /* Debug */ = {
			isa = XCBuildConfiguration;
			baseConfigurationReference = AB038556180AAAD5FB577D1E /* Pods-SwiftFest.debug.xcconfig */;
			buildSettings = {
				ASSETCATALOG_COMPILER_APPICON_NAME = AppIcon;
				"CODE_SIGN_IDENTITY[sdk=iphoneos*]" = "iPhone Developer";
				CODE_SIGN_STYLE = Automatic;
				DEVELOPMENT_TEAM = 264373799U;
				INFOPLIST_FILE = SwiftFest/Resources/Info.plist;
				IPHONEOS_DEPLOYMENT_TARGET = 11.0;
				LD_RUNPATH_SEARCH_PATHS = "$(inherited) @executable_path/Frameworks";
				PRODUCT_BUNDLE_IDENTIFIER = chefsky.SwiftFest;
				PRODUCT_NAME = "$(TARGET_NAME)";
				PROVISIONING_PROFILE = "";
				PROVISIONING_PROFILE_SPECIFIER = "";
				SWIFT_VERSION = 4.0;
				TARGETED_DEVICE_FAMILY = "1,2";
			};
			name = Debug;
		};
		9D9B0E30207950B600FA7340 /* Release */ = {
			isa = XCBuildConfiguration;
			baseConfigurationReference = 88DF351FE5605E104871BC64 /* Pods-SwiftFest.release.xcconfig */;
			buildSettings = {
				ASSETCATALOG_COMPILER_APPICON_NAME = AppIcon;
				"CODE_SIGN_IDENTITY[sdk=iphoneos*]" = "iPhone Developer";
				CODE_SIGN_STYLE = Automatic;
				DEVELOPMENT_TEAM = 264373799U;
				INFOPLIST_FILE = SwiftFest/Resources/Info.plist;
				IPHONEOS_DEPLOYMENT_TARGET = 11.0;
				LD_RUNPATH_SEARCH_PATHS = "$(inherited) @executable_path/Frameworks";
				PRODUCT_BUNDLE_IDENTIFIER = chefsky.SwiftFest;
				PRODUCT_NAME = "$(TARGET_NAME)";
				PROVISIONING_PROFILE_SPECIFIER = "";
				SWIFT_VERSION = 4.0;
				TARGETED_DEVICE_FAMILY = "1,2";
			};
			name = Release;
		};
		9D9B0E32207950B600FA7340 /* Debug */ = {
			isa = XCBuildConfiguration;
			baseConfigurationReference = 550A50C6129DBA1D92566DF4 /* Pods-SwiftFestTests.debug.xcconfig */;
			buildSettings = {
				BUNDLE_LOADER = "$(TEST_HOST)";
				CODE_SIGN_STYLE = Automatic;
				INFOPLIST_FILE = SwiftFestTests/Info.plist;
				LD_RUNPATH_SEARCH_PATHS = "$(inherited) @executable_path/Frameworks @loader_path/Frameworks";
				PRODUCT_BUNDLE_IDENTIFIER = chefsky.SwiftFestTests;
				PRODUCT_NAME = "$(TARGET_NAME)";
				SWIFT_VERSION = 4.0;
				TARGETED_DEVICE_FAMILY = "1,2";
				TEST_HOST = "$(BUILT_PRODUCTS_DIR)/SwiftFest.app/SwiftFest";
			};
			name = Debug;
		};
		9D9B0E33207950B600FA7340 /* Release */ = {
			isa = XCBuildConfiguration;
			baseConfigurationReference = E8C6F2441DCD3A2E536AACA6 /* Pods-SwiftFestTests.release.xcconfig */;
			buildSettings = {
				BUNDLE_LOADER = "$(TEST_HOST)";
				CODE_SIGN_STYLE = Automatic;
				INFOPLIST_FILE = SwiftFestTests/Info.plist;
				LD_RUNPATH_SEARCH_PATHS = "$(inherited) @executable_path/Frameworks @loader_path/Frameworks";
				PRODUCT_BUNDLE_IDENTIFIER = chefsky.SwiftFestTests;
				PRODUCT_NAME = "$(TARGET_NAME)";
				SWIFT_VERSION = 4.0;
				TARGETED_DEVICE_FAMILY = "1,2";
				TEST_HOST = "$(BUILT_PRODUCTS_DIR)/SwiftFest.app/SwiftFest";
			};
			name = Release;
		};
		9D9B0E35207950B600FA7340 /* Debug */ = {
			isa = XCBuildConfiguration;
			baseConfigurationReference = 052B74156E1C703FE28462F5 /* Pods-SwiftFestUITests.debug.xcconfig */;
			buildSettings = {
				CODE_SIGN_STYLE = Automatic;
				DEVELOPMENT_TEAM = 264373799U;
				INFOPLIST_FILE = SwiftFestUITests/Info.plist;
				LD_RUNPATH_SEARCH_PATHS = "$(inherited) @executable_path/Frameworks @loader_path/Frameworks";
				PRODUCT_BUNDLE_IDENTIFIER = chefsky.SwiftFestUITests;
				PRODUCT_NAME = "$(TARGET_NAME)";
				SWIFT_VERSION = 4.0;
				TARGETED_DEVICE_FAMILY = "1,2";
				TEST_TARGET_NAME = SwiftFest;
			};
			name = Debug;
		};
		9D9B0E36207950B600FA7340 /* Release */ = {
			isa = XCBuildConfiguration;
			baseConfigurationReference = AD1728BDBF3878D9BDE1CF0A /* Pods-SwiftFestUITests.release.xcconfig */;
			buildSettings = {
				CODE_SIGN_STYLE = Automatic;
				DEVELOPMENT_TEAM = 264373799U;
				INFOPLIST_FILE = SwiftFestUITests/Info.plist;
				LD_RUNPATH_SEARCH_PATHS = "$(inherited) @executable_path/Frameworks @loader_path/Frameworks";
				PRODUCT_BUNDLE_IDENTIFIER = chefsky.SwiftFestUITests;
				PRODUCT_NAME = "$(TARGET_NAME)";
				SWIFT_VERSION = 4.0;
				TARGETED_DEVICE_FAMILY = "1,2";
				TEST_TARGET_NAME = SwiftFest;
			};
			name = Release;
		};
/* End XCBuildConfiguration section */

/* Begin XCConfigurationList section */
		9D9B0E01207950B500FA7340 /* Build configuration list for PBXProject "SwiftFest" */ = {
			isa = XCConfigurationList;
			buildConfigurations = (
				9D9B0E2C207950B600FA7340 /* Debug */,
				9D9B0E2D207950B600FA7340 /* Release */,
			);
			defaultConfigurationIsVisible = 0;
			defaultConfigurationName = Release;
		};
		9D9B0E2E207950B600FA7340 /* Build configuration list for PBXNativeTarget "SwiftFest" */ = {
			isa = XCConfigurationList;
			buildConfigurations = (
				9D9B0E2F207950B600FA7340 /* Debug */,
				9D9B0E30207950B600FA7340 /* Release */,
			);
			defaultConfigurationIsVisible = 0;
			defaultConfigurationName = Release;
		};
		9D9B0E31207950B600FA7340 /* Build configuration list for PBXNativeTarget "SwiftFestTests" */ = {
			isa = XCConfigurationList;
			buildConfigurations = (
				9D9B0E32207950B600FA7340 /* Debug */,
				9D9B0E33207950B600FA7340 /* Release */,
			);
			defaultConfigurationIsVisible = 0;
			defaultConfigurationName = Release;
		};
		9D9B0E34207950B600FA7340 /* Build configuration list for PBXNativeTarget "SwiftFestUITests" */ = {
			isa = XCConfigurationList;
			buildConfigurations = (
				9D9B0E35207950B600FA7340 /* Debug */,
				9D9B0E36207950B600FA7340 /* Release */,
			);
			defaultConfigurationIsVisible = 0;
			defaultConfigurationName = Release;
		};
/* End XCConfigurationList section */
	};
	rootObject = 9D9B0DFE207950B500FA7340 /* Project object */;
}
